# This file is automatically @generated by Poetry 1.7.1 and should not be changed by hand.

[[package]]
name = "evdev"
version = "1.7.1"
description = "Bindings to the Linux input handling subsystem"
optional = false
python-versions = ">=3.6"
files = [
    {file = "evdev-1.7.1.tar.gz", hash = "sha256:0c72c370bda29d857e188d931019c32651a9c1ea977c08c8d939b1ced1637fde"},
]

[[package]]
name = "pyalsaaudio"
version = "0.11.0"
description = "ALSA bindings"
optional = false
python-versions = "*"
files = [
    {file = "pyalsaaudio-0.11.0.tar.gz", hash = "sha256:a78a9dca33524b2c9064b34e21f5ab874272313cf324a9a77592f396a5e0fddc"},
]

[metadata]
lock-version = "2.0"
python-versions = "^3.11"
content-hash = "834cc9ada0e814487b2172c827fbd0360656edfdaf3ef5c098aa966d7cf9378b"
