# This file is automatically @generated by Poetry 1.8.3 and should not be changed by hand.

[[package]]
name = "adafruit-blinka"
version = "8.46.0"
description = "CircuitPython APIs for non-CircuitPython versions of Python such as CPython on Linux and MicroPython."
optional = false
python-versions = ">=3.7.0"
files = [
    {file = "Adafruit_Blinka-8.46.0-py3-none-any.whl", hash = "sha256:cfd750a6d2df137fa3c35c0f53c23e7af8cbe8f614d387f908c180cfba954b8e"},
    {file = "adafruit_blinka-8.46.0.tar.gz", hash = "sha256:f2d4d10aa17e13e5e6bd2212b62c00d0e76c767a0f80f3c858d77bd6ab1d4251"},
]

[package.dependencies]
adafruit-circuitpython-typing = "*"
Adafruit-PlatformDetect = ">=3.70.1"
Adafruit-PureIO = ">=1.1.7"
binho-host-adapter = ">=0.1.6"
numpy = ">=1.21.5"
pyftdi = ">=0.40.0"
sysv-ipc = {version = ">=1.1.0", markers = "sys_platform == \"linux\" and platform_machine != \"mips\""}

[[package]]
name = "adafruit-circuitpython-busdevice"
version = "5.2.9"
description = "CircuitPython bus device classes to manage bus sharing."
optional = false
python-versions = "*"
files = [
    {file = "adafruit_circuitpython_busdevice-5.2.9-py3-none-any.whl", hash = "sha256:78245c551eb3795a4f3739f1adac0b08a65c9fb0f722e866de620482cbbac51f"},
    {file = "adafruit_circuitpython_busdevice-5.2.9.tar.gz", hash = "sha256:9f9c3df385091410dac5961918e475ec88faed7ff543ad6d74208f08c2566513"},
]

[package.dependencies]
Adafruit-Blinka = ">=7.0.0"
adafruit-circuitpython-typing = "*"

[[package]]
name = "adafruit-circuitpython-connectionmanager"
version = "3.1.1"
description = "A urllib3.poolmanager/urllib3.connectionpool-like library for managing sockets and connections"
optional = false
python-versions = "*"
files = [
    {file = "adafruit_circuitpython_connectionmanager-3.1.1-py3-none-any.whl", hash = "sha256:0b6df0f18c25208b59a007f7dcde58d8b147643738a1cd9ac03f3b1ac0129540"},
    {file = "adafruit_circuitpython_connectionmanager-3.1.1.tar.gz", hash = "sha256:652bf7ec8a12f5a8b086b4d3540d56c53dc82915a6a08b0b8e46a1b82b0ad535"},
]

[package.dependencies]
Adafruit-Blinka = "*"

[[package]]
name = "adafruit-circuitpython-led-animation"
version = "2.9.1"
description = "CircuitPython helper for LED colors and animations."
optional = false
python-versions = "*"
files = [
    {file = "adafruit_circuitpython_led_animation-2.9.1-py3-none-any.whl", hash = "sha256:1e208b71b4b3ffc5dd07ac09db07842b3874be61ccbbccc858b8d099ab3826bb"},
    {file = "adafruit_circuitpython_led_animation-2.9.1.tar.gz", hash = "sha256:c5aa0a748a0db7e27f0ec589ea204439e48cb9d900f92653a9b8046f2e8362db"},
]

[package.dependencies]
Adafruit-Blinka = "*"

[[package]]
name = "adafruit-circuitpython-neopixel-spi"
version = "1.0.9"
description = "SPI driven CircuitPython driver for neopixels."
optional = false
python-versions = "*"
files = [
    {file = "adafruit-circuitpython-neopixel-spi-1.0.9.tar.gz", hash = "sha256:a44c0693cb69e25f3c0680bb6b7786ca94c34f07ef0e388b459690bf3b9d15fe"},
    {file = "adafruit_circuitpython_neopixel_spi-1.0.9-py3-none-any.whl", hash = "sha256:7fcef822b0ab9c931394dc68a1de76a2b40a7531cc1f68c0d05d02d5876c253e"},
]

[package.dependencies]
Adafruit-Blinka = "*"
adafruit-circuitpython-busdevice = "*"
adafruit-circuitpython-pixelbuf = "*"

[[package]]
name = "adafruit-circuitpython-pixelbuf"
version = "2.0.4"
description = "A pure Python implementation of adafruit_pixelbuf for smaller boards."
optional = false
python-versions = "*"
files = [
    {file = "adafruit-circuitpython-pixelbuf-2.0.4.tar.gz", hash = "sha256:bd1278b60d82815a2cdf334329319e505f77cc5b98278859d4e706c97f0dded6"},
    {file = "adafruit_circuitpython_pixelbuf-2.0.4-py3-none-any.whl", hash = "sha256:8ac3819adac3c45f33a81aa686975a7beb8a771e08e19c4e35c0c22d9de68a9a"},
]

[package.dependencies]
Adafruit-Blinka = "*"

[[package]]
name = "adafruit-circuitpython-requests"
version = "4.1.4"
description = "A requests-like library for web interfacing"
optional = false
python-versions = "*"
files = [
    {file = "adafruit_circuitpython_requests-4.1.4-py3-none-any.whl", hash = "sha256:519d18f5ddbc5f7ba02a7079fcdf7947430fb422fd9c2c42c1c4480cb48e47be"},
    {file = "adafruit_circuitpython_requests-4.1.4.tar.gz", hash = "sha256:516ba2795f8295c82c8928681b047385c3f6998a6bcfd2c2d765e8a70a562ed5"},
]

[package.dependencies]
Adafruit-Blinka = "*"
Adafruit-Circuitpython-ConnectionManager = "*"

[package.extras]
optional = ["requests"]

[[package]]
name = "adafruit-circuitpython-typing"
version = "1.10.3"
description = "Types needed for type annotation that are not in `typing`"
optional = false
python-versions = ">=3.8"
files = [
    {file = "adafruit-circuitpython-typing-1.10.3.tar.gz", hash = "sha256:4c5c1eeb3ae8a3d2dfa75129654c73690fbdb576d9069542a6ea3355467e1e74"},
    {file = "adafruit_circuitpython_typing-1.10.3-py3-none-any.whl", hash = "sha256:4e23d6828deafa4dfd554fd7d3f06b8ff8e2cc554b9c7aecba9d778d45970c18"},
]

[package.dependencies]
Adafruit-Blinka = "*"
adafruit-circuitpython-busdevice = "*"
adafruit-circuitpython-requests = "*"
typing-extensions = ">=4.0,<5.0"

[[package]]
name = "adafruit-platformdetect"
version = "3.72.0"
description = "Platform detection for use by libraries like Adafruit-Blinka."
optional = false
python-versions = "*"
files = [
    {file = "Adafruit_PlatformDetect-3.72.0-py3-none-any.whl", hash = "sha256:f6306ee4679c9b01450d8a1cd3e02955ace1f7e666bba0371832b2049490f845"},
    {file = "adafruit_platformdetect-3.72.0.tar.gz", hash = "sha256:1e320061b13b11413418e9ce11f0badd02563b5d5c02330445b39105b8da7463"},
]

[[package]]
name = "adafruit-pureio"
version = "1.1.11"
description = "Pure python (i.e. no native extensions) access to Linux IO    including I2C and SPI. Drop in replacement for smbus and spidev modules."
optional = false
python-versions = ">=3.5.0"
files = [
    {file = "Adafruit_PureIO-1.1.11-py3-none-any.whl", hash = "sha256:281ab2099372cc0decc26326918996cbf21b8eed694ec4764d51eefa029d324e"},
    {file = "Adafruit_PureIO-1.1.11.tar.gz", hash = "sha256:c4cfbb365731942d1f1092a116f47dfdae0aef18c5b27f1072b5824ad5ea8c7c"},
]

[[package]]
name = "binho-host-adapter"
version = "0.1.6"
description = "Python Libraries for Binho Multi-Protocol USB Host Adapters"
optional = false
python-versions = "*"
files = [
    {file = "binho-host-adapter-0.1.6.tar.gz", hash = "sha256:1e6da7a84e208c13b5f489066f05774bff1d593d0f5bf1ca149c2b8e83eae856"},
    {file = "binho_host_adapter-0.1.6-py3-none-any.whl", hash = "sha256:f71ca176c1e2fc1a5dce128beb286da217555c6c7c805f2ed282a6f3507ec277"},
]

[package.dependencies]
pyserial = "*"

[[package]]
name = "colorzero"
version = "2.0"
description = "Yet another Python color library"
optional = false
python-versions = "*"
files = [
    {file = "colorzero-2.0-py2.py3-none-any.whl", hash = "sha256:0e60d743a6b8071498a56465f7719c96a5e92928f858bab1be2a0d606c9aa0f8"},
    {file = "colorzero-2.0.tar.gz", hash = "sha256:e7d5a5c26cd0dc37b164ebefc609f388de24f8593b659191e12d85f8f9d5eb58"},
]

[package.dependencies]
setuptools = "*"

[package.extras]
doc = ["pkginfo", "sphinx", "sphinx-rtd-theme"]
test = ["pytest", "pytest-cov"]

[[package]]
name = "evdev"
version = "1.7.1"
description = "Bindings to the Linux input handling subsystem"
optional = false
python-versions = ">=3.6"
files = [
    {file = "evdev-1.7.1.tar.gz", hash = "sha256:0c72c370bda29d857e188d931019c32651a9c1ea977c08c8d939b1ced1637fde"},
]

[[package]]
name = "gpiozero"
version = "2.0.1"
description = "A simple interface to GPIO devices with Raspberry Pi"
optional = false
python-versions = ">=3.9"
files = [
    {file = "gpiozero-2.0.1-py3-none-any.whl", hash = "sha256:8f621de357171d574c0b7ea0e358cb66e560818a47b0eeedf41ce1cdbd20c70b"},
    {file = "gpiozero-2.0.1.tar.gz", hash = "sha256:d4ea1952689ec7e331f9d4ebc9adb15f1d01c2c9dcfabb72e752c9869ab7e97e"},
]

[package.dependencies]
colorzero = "*"

[package.extras]
doc = ["sphinx (>=4.0)", "sphinx-rtd-theme (>=1.0)"]
test = ["pytest", "pytest-cov"]

[[package]]
name = "lgpio"
version = "0.2.2.0"
description = "Linux SBC GPIO module"
optional = false
python-versions = "*"
files = [
    {file = "lgpio-0.2.2.0-cp310-cp310-linux_armv7l.whl", hash = "sha256:97fe5fb0e888c96031e8899e8c0eca64c63076a6d1f1e774acad8696430b2ff6"},
    {file = "lgpio-0.2.2.0-cp310-cp310-manylinux_2_34_aarch64.whl", hash = "sha256:f8f1a2818ed4293182999679ac8559aea70d45743f5a3ae8025837e529d9e0d4"},
    {file = "lgpio-0.2.2.0-cp310-cp310-manylinux_2_34_x86_64.whl", hash = "sha256:d245f315e4bc5ba1b72df9fd935a16c99e56ccf6b41d9f66a87804c1dfd91c86"},
    {file = "lgpio-0.2.2.0-cp311-cp311-linux_armv7l.whl", hash = "sha256:5b3c403e1fba9c17d178f1bde102726c548fc5c4fc1ccf5ec3e18f3c08e07e04"},
    {file = "lgpio-0.2.2.0-cp311-cp311-manylinux_2_34_aarch64.whl", hash = "sha256:a2f71fb95b149d8ac82c7c6bae70f054f6dc42a006ad35c90c7d8e54921fbcf4"},
    {file = "lgpio-0.2.2.0-cp311-cp311-manylinux_2_34_x86_64.whl", hash = "sha256:e9f4f3915abe5ae0ffdb4b96f485076d80a663876d839e2d3fd9218a71b9873e"},
    {file = "lgpio-0.2.2.0-cp312-cp312-linux_armv7l.whl", hash = "sha256:6c65ac42e878764d04a71ed12fe6d46089b36e9e8127722bf29bb2e4bc91de22"},
    {file = "lgpio-0.2.2.0-cp312-cp312-manylinux_2_34_aarch64.whl", hash = "sha256:d907db79292c721c605af08187385ddb3b7af09907e1ffca56cf0cd6558ace0a"},
    {file = "lgpio-0.2.2.0-cp312-cp312-manylinux_2_34_x86_64.whl", hash = "sha256:2aadff092f642fcdada8457c158f87259dfda3a89ec19bae0b99ff22b34aac4b"},
    {file = "lgpio-0.2.2.0-cp39-cp39-linux_armv7l.whl", hash = "sha256:1594dd4fdf054ff396bf0730802732c26aa2040d6c70250d0d34f703baafd121"},
    {file = "lgpio-0.2.2.0-cp39-cp39-manylinux_2_34_aarch64.whl", hash = "sha256:9ed135824c717901457dcf2462bb1af9f5445aa6e56bb7a9263fc064620ef586"},
    {file = "lgpio-0.2.2.0-cp39-cp39-manylinux_2_34_x86_64.whl", hash = "sha256:f95d6a6db23f99e745e0aee36cd49a515dd6846a5ddb49474c73a390bb2048e2"},
    {file = "lgpio-0.2.2.0.tar.gz", hash = "sha256:11372e653b200f76a0b3ef8a23a0735c85ec678a9f8550b9893151ed0f863fff"},
]

[[package]]
name = "numpy"
version = "2.0.0"
description = "Fundamental package for array computing in Python"
optional = false
python-versions = ">=3.9"
files = [
    {file = "numpy-2.0.0-cp310-cp310-macosx_10_9_x86_64.whl", hash = "sha256:04494f6ec467ccb5369d1808570ae55f6ed9b5809d7f035059000a37b8d7e86f"},
    {file = "numpy-2.0.0-cp310-cp310-macosx_11_0_arm64.whl", hash = "sha256:2635dbd200c2d6faf2ef9a0d04f0ecc6b13b3cad54f7c67c61155138835515d2"},
    {file = "numpy-2.0.0-cp310-cp310-macosx_14_0_arm64.whl", hash = "sha256:0a43f0974d501842866cc83471bdb0116ba0dffdbaac33ec05e6afed5b615238"},
    {file = "numpy-2.0.0-cp310-cp310-macosx_14_0_x86_64.whl", hash = "sha256:8d83bb187fb647643bd56e1ae43f273c7f4dbcdf94550d7938cfc32566756514"},
    {file = "numpy-2.0.0-cp310-cp310-manylinux_2_17_aarch64.manylinux2014_aarch64.whl", hash = "sha256:79e843d186c8fb1b102bef3e2bc35ef81160ffef3194646a7fdd6a73c6b97196"},
    {file = "numpy-2.0.0-cp310-cp310-manylinux_2_17_x86_64.manylinux2014_x86_64.whl", hash = "sha256:6d7696c615765091cc5093f76fd1fa069870304beaccfd58b5dcc69e55ef49c1"},
    {file = "numpy-2.0.0-cp310-cp310-musllinux_1_1_x86_64.whl", hash = "sha256:b4c76e3d4c56f145d41b7b6751255feefae92edbc9a61e1758a98204200f30fc"},
    {file = "numpy-2.0.0-cp310-cp310-musllinux_1_2_aarch64.whl", hash = "sha256:acd3a644e4807e73b4e1867b769fbf1ce8c5d80e7caaef0d90dcdc640dfc9787"},
    {file = "numpy-2.0.0-cp310-cp310-win32.whl", hash = "sha256:cee6cc0584f71adefe2c908856ccc98702baf95ff80092e4ca46061538a2ba98"},
    {file = "numpy-2.0.0-cp310-cp310-win_amd64.whl", hash = "sha256:ed08d2703b5972ec736451b818c2eb9da80d66c3e84aed1deeb0c345fefe461b"},
    {file = "numpy-2.0.0-cp311-cp311-macosx_10_9_x86_64.whl", hash = "sha256:ad0c86f3455fbd0de6c31a3056eb822fc939f81b1618f10ff3406971893b62a5"},
    {file = "numpy-2.0.0-cp311-cp311-macosx_11_0_arm64.whl", hash = "sha256:e7f387600d424f91576af20518334df3d97bc76a300a755f9a8d6e4f5cadd289"},
    {file = "numpy-2.0.0-cp311-cp311-macosx_14_0_arm64.whl", hash = "sha256:34f003cb88b1ba38cb9a9a4a3161c1604973d7f9d5552c38bc2f04f829536609"},
    {file = "numpy-2.0.0-cp311-cp311-macosx_14_0_x86_64.whl", hash = "sha256:b6f6a8f45d0313db07d6d1d37bd0b112f887e1369758a5419c0370ba915b3871"},
    {file = "numpy-2.0.0-cp311-cp311-manylinux_2_17_aarch64.manylinux2014_aarch64.whl", hash = "sha256:5f64641b42b2429f56ee08b4f427a4d2daf916ec59686061de751a55aafa22e4"},
    {file = "numpy-2.0.0-cp311-cp311-manylinux_2_17_x86_64.manylinux2014_x86_64.whl", hash = "sha256:a7039a136017eaa92c1848152827e1424701532ca8e8967fe480fe1569dae581"},
    {file = "numpy-2.0.0-cp311-cp311-musllinux_1_1_x86_64.whl", hash = "sha256:46e161722e0f619749d1cd892167039015b2c2817296104487cd03ed4a955995"},
    {file = "numpy-2.0.0-cp311-cp311-musllinux_1_2_aarch64.whl", hash = "sha256:0e50842b2295ba8414c8c1d9d957083d5dfe9e16828b37de883f51fc53c4016f"},
    {file = "numpy-2.0.0-cp311-cp311-win32.whl", hash = "sha256:2ce46fd0b8a0c947ae047d222f7136fc4d55538741373107574271bc00e20e8f"},
    {file = "numpy-2.0.0-cp311-cp311-win_amd64.whl", hash = "sha256:fbd6acc766814ea6443628f4e6751d0da6593dae29c08c0b2606164db026970c"},
    {file = "numpy-2.0.0-cp312-cp312-macosx_10_9_x86_64.whl", hash = "sha256:354f373279768fa5a584bac997de6a6c9bc535c482592d7a813bb0c09be6c76f"},
    {file = "numpy-2.0.0-cp312-cp312-macosx_11_0_arm64.whl", hash = "sha256:4d2f62e55a4cd9c58c1d9a1c9edaedcd857a73cb6fda875bf79093f9d9086f85"},
    {file = "numpy-2.0.0-cp312-cp312-macosx_14_0_arm64.whl", hash = "sha256:1e72728e7501a450288fc8e1f9ebc73d90cfd4671ebbd631f3e7857c39bd16f2"},
    {file = "numpy-2.0.0-cp312-cp312-macosx_14_0_x86_64.whl", hash = "sha256:84554fc53daa8f6abf8e8a66e076aff6ece62de68523d9f665f32d2fc50fd66e"},
    {file = "numpy-2.0.0-cp312-cp312-manylinux_2_17_aarch64.manylinux2014_aarch64.whl", hash = "sha256:c73aafd1afca80afecb22718f8700b40ac7cab927b8abab3c3e337d70e10e5a2"},
    {file = "numpy-2.0.0-cp312-cp312-manylinux_2_17_x86_64.manylinux2014_x86_64.whl", hash = "sha256:49d9f7d256fbc804391a7f72d4a617302b1afac1112fac19b6c6cec63fe7fe8a"},
    {file = "numpy-2.0.0-cp312-cp312-musllinux_1_1_x86_64.whl", hash = "sha256:0ec84b9ba0654f3b962802edc91424331f423dcf5d5f926676e0150789cb3d95"},
    {file = "numpy-2.0.0-cp312-cp312-musllinux_1_2_aarch64.whl", hash = "sha256:feff59f27338135776f6d4e2ec7aeeac5d5f7a08a83e80869121ef8164b74af9"},
    {file = "numpy-2.0.0-cp312-cp312-win32.whl", hash = "sha256:c5a59996dc61835133b56a32ebe4ef3740ea5bc19b3983ac60cc32be5a665d54"},
    {file = "numpy-2.0.0-cp312-cp312-win_amd64.whl", hash = "sha256:a356364941fb0593bb899a1076b92dfa2029f6f5b8ba88a14fd0984aaf76d0df"},
    {file = "numpy-2.0.0-cp39-cp39-macosx_10_9_x86_64.whl", hash = "sha256:e61155fae27570692ad1d327e81c6cf27d535a5d7ef97648a17d922224b216de"},
    {file = "numpy-2.0.0-cp39-cp39-macosx_11_0_arm64.whl", hash = "sha256:4554eb96f0fd263041baf16cf0881b3f5dafae7a59b1049acb9540c4d57bc8cb"},
    {file = "numpy-2.0.0-cp39-cp39-macosx_14_0_arm64.whl", hash = "sha256:903703372d46bce88b6920a0cd86c3ad82dae2dbef157b5fc01b70ea1cfc430f"},
    {file = "numpy-2.0.0-cp39-cp39-macosx_14_0_x86_64.whl", hash = "sha256:3e8e01233d57639b2e30966c63d36fcea099d17c53bf424d77f088b0f4babd86"},
    {file = "numpy-2.0.0-cp39-cp39-manylinux_2_17_aarch64.manylinux2014_aarch64.whl", hash = "sha256:1cde1753efe513705a0c6d28f5884e22bdc30438bf0085c5c486cdaff40cd67a"},
    {file = "numpy-2.0.0-cp39-cp39-manylinux_2_17_x86_64.manylinux2014_x86_64.whl", hash = "sha256:821eedb7165ead9eebdb569986968b541f9908979c2da8a4967ecac4439bae3d"},
    {file = "numpy-2.0.0-cp39-cp39-musllinux_1_1_x86_64.whl", hash = "sha256:9a1712c015831da583b21c5bfe15e8684137097969c6d22e8316ba66b5baabe4"},
    {file = "numpy-2.0.0-cp39-cp39-musllinux_1_2_aarch64.whl", hash = "sha256:9c27f0946a3536403efb0e1c28def1ae6730a72cd0d5878db38824855e3afc44"},
    {file = "numpy-2.0.0-cp39-cp39-win32.whl", hash = "sha256:63b92c512d9dbcc37f9d81b123dec99fdb318ba38c8059afc78086fe73820275"},
    {file = "numpy-2.0.0-cp39-cp39-win_amd64.whl", hash = "sha256:3f6bed7f840d44c08ebdb73b1825282b801799e325bcbdfa6bc5c370e5aecc65"},
    {file = "numpy-2.0.0-pp39-pypy39_pp73-macosx_10_9_x86_64.whl", hash = "sha256:9416a5c2e92ace094e9f0082c5fd473502c91651fb896bc17690d6fc475128d6"},
    {file = "numpy-2.0.0-pp39-pypy39_pp73-macosx_14_0_x86_64.whl", hash = "sha256:17067d097ed036636fa79f6a869ac26df7db1ba22039d962422506640314933a"},
    {file = "numpy-2.0.0-pp39-pypy39_pp73-manylinux_2_17_x86_64.manylinux2014_x86_64.whl", hash = "sha256:38ecb5b0582cd125f67a629072fed6f83562d9dd04d7e03256c9829bdec027ad"},
    {file = "numpy-2.0.0-pp39-pypy39_pp73-win_amd64.whl", hash = "sha256:cef04d068f5fb0518a77857953193b6bb94809a806bd0a14983a8f12ada060c9"},
    {file = "numpy-2.0.0.tar.gz", hash = "sha256:cf5d1c9e6837f8af9f92b6bd3e86d513cdc11f60fd62185cc49ec7d1aba34864"},
]

[[package]]
name = "pyalsaaudio"
version = "0.11.0"
description = "ALSA bindings"
optional = false
python-versions = "*"
files = [
    {file = "pyalsaaudio-0.11.0.tar.gz", hash = "sha256:a78a9dca33524b2c9064b34e21f5ab874272313cf324a9a77592f396a5e0fddc"},
]

[[package]]
name = "pyftdi"
version = "0.55.4"
description = "FTDI device driver (pure Python)"
optional = false
python-versions = ">=3.8"
files = [
    {file = "pyftdi-0.55.4-py3-none-any.whl", hash = "sha256:64a804ea1c652e6935897df7867dbba18910848cad0a4927ccdb06813c072c85"},
    {file = "pyftdi-0.55.4.tar.gz", hash = "sha256:cb2770b606507024a65e0a520bf892f239a36cec25cab45338ce3e3027de53c8"},
]

[package.dependencies]
pyserial = ">=3.0"
pyusb = ">=1.0.0,<1.2.0 || >1.2.0"

[[package]]
name = "pyserial"
version = "3.5"
description = "Python Serial Port Extension"
optional = false
python-versions = "*"
files = [
    {file = "pyserial-3.5-py2.py3-none-any.whl", hash = "sha256:c4451db6ba391ca6ca299fb3ec7bae67a5c55dde170964c7a14ceefec02f2cf0"},
    {file = "pyserial-3.5.tar.gz", hash = "sha256:3c77e014170dfffbd816e6ffc205e9842efb10be9f58ec16d3e8675b4925cddb"},
]

[package.extras]
cp2110 = ["hidapi"]

[[package]]
name = "pyusb"
version = "1.2.1"
description = "Python USB access module"
optional = false
python-versions = ">=3.6.0"
files = [
    {file = "pyusb-1.2.1-py3-none-any.whl", hash = "sha256:2b4c7cb86dbadf044dfb9d3a4ff69fd217013dbe78a792177a3feb172449ea36"},
    {file = "pyusb-1.2.1.tar.gz", hash = "sha256:a4cc7404a203144754164b8b40994e2849fde1cfff06b08492f12fff9d9de7b9"},
]

[[package]]
name = "rpi-gpio"
version = "0.7.1"
description = "A module to control Raspberry Pi GPIO channels"
optional = false
python-versions = "*"
files = [
    {file = "RPi.GPIO-0.7.1-cp27-cp27mu-linux_armv6l.whl", hash = "sha256:b86b66dc02faa5461b443a1e1f0c1d209d64ab5229696f32fb3b0215e0600c8c"},
    {file = "RPi.GPIO-0.7.1-cp310-cp310-linux_armv6l.whl", hash = "sha256:57b6c044ef5375a78c8dda27cdfadf329e76aa6943cd6cffbbbd345a9adf9ca5"},
    {file = "RPi.GPIO-0.7.1-cp37-cp37m-linux_armv6l.whl", hash = "sha256:77afb817b81331ce3049a4b8f94a85e41b7c404d8e56b61ac0f1eb75c3120868"},
    {file = "RPi.GPIO-0.7.1-cp38-cp38-linux_armv6l.whl", hash = "sha256:29226823da8b5ccb9001d795a944f2e00924eeae583490f0bc7317581172c624"},
    {file = "RPi.GPIO-0.7.1-cp39-cp39-linux_armv6l.whl", hash = "sha256:15311d3b063b71dee738cd26570effc9985a952454d162937c34e08c0fc99902"},
    {file = "RPi.GPIO-0.7.1.tar.gz", hash = "sha256:cd61c4b03c37b62bba4a5acfea9862749c33c618e0295e7e90aa4713fb373b70"},
]

[[package]]
name = "setuptools"
version = "71.0.1"
description = "Easily download, build, install, upgrade, and uninstall Python packages"
optional = false
python-versions = ">=3.8"
files = [
    {file = "setuptools-71.0.1-py3-none-any.whl", hash = "sha256:1eb8ef012efae7f6acbc53ec0abde4bc6746c43087fd215ee09e1df48998711f"},
    {file = "setuptools-71.0.1.tar.gz", hash = "sha256:c51d7fd29843aa18dad362d4b4ecd917022131425438251f4e3d766c964dd1ad"},
]

[package.extras]
core = ["importlib-metadata (>=6)", "importlib-resources (>=5.10.2)", "jaraco.text (>=3.7)", "more-itertools (>=8.8)", "ordered-set (>=3.1.1)", "packaging (>=24)", "platformdirs (>=2.6.2)", "tomli (>=2.0.1)", "wheel (>=0.43.0)"]
doc = ["furo", "jaraco.packaging (>=9.3)", "jaraco.tidelift (>=1.4)", "pygments-github-lexers (==0.0.5)", "pyproject-hooks (!=1.1)", "rst.linker (>=1.9)", "sphinx (<7.4)", "sphinx (>=3.5)", "sphinx-favicon", "sphinx-inline-tabs", "sphinx-lint", "sphinx-notfound-page (>=1,<2)", "sphinx-reredirects", "sphinxcontrib-towncrier"]
test = ["build[virtualenv] (>=1.0.3)", "filelock (>=3.4.0)", "importlib-metadata", "ini2toml[lite] (>=0.14)", "jaraco.develop (>=7.21)", "jaraco.envs (>=2.2)", "jaraco.path (>=3.2.0)", "jaraco.test", "mypy (==1.10.0)", "packaging (>=23.2)", "pip (>=19.1)", "pyproject-hooks (!=1.1)", "pytest (>=6,!=8.1.*)", "pytest-checkdocs (>=2.4)", "pytest-cov", "pytest-enabler (>=2.2)", "pytest-home (>=0.5)", "pytest-mypy", "pytest-perf", "pytest-ruff (<0.4)", "pytest-ruff (>=0.2.1)", "pytest-ruff (>=0.3.2)", "pytest-subprocess", "pytest-timeout", "pytest-xdist (>=3)", "tomli", "tomli-w (>=1.0.0)", "virtualenv (>=13.0.0)", "wheel"]

[[package]]
name = "sysv-ipc"
version = "1.1.0"
description = "System V IPC primitives (semaphores, shared memory and message queues) for Python"
optional = false
python-versions = "*"
files = [
    {file = "sysv_ipc-1.1.0-cp36-cp36m-macosx_10_9_x86_64.whl", hash = "sha256:ff6e3c98d8aa3e1ae5378d86869c4699c76f94318705d08085c97fb010770a31"},
    {file = "sysv_ipc-1.1.0-cp37-cp37m-macosx_10_9_x86_64.whl", hash = "sha256:30611dccecd8fa0dc9f83d4d465e5047692df0ec9a095abef8b90ccc64afbdaf"},
    {file = "sysv_ipc-1.1.0-cp38-cp38-macosx_10_9_x86_64.whl", hash = "sha256:4bbbe4e5ad5ab859e6d21fc8ff3e3b01082b959fa5c2cd76289dbcd56350c5f9"},
    {file = "sysv_ipc-1.1.0-cp39-cp39-macosx_10_9_x86_64.whl", hash = "sha256:61190b934b0277f7a189092dcabceee8d9736fd73de90fd9b50ea69f0bac4723"},
    {file = "sysv_ipc-1.1.0.tar.gz", hash = "sha256:0f063cbd36ec232032e425769ebc871f195a7d183b9af32f9901589ea7129ac3"},
]

[[package]]
name = "typing-extensions"
version = "4.12.2"
description = "Backported and Experimental Type Hints for Python 3.8+"
optional = false
python-versions = ">=3.8"
files = [
    {file = "typing_extensions-4.12.2-py3-none-any.whl", hash = "sha256:04e5ca0351e0f3f85c6853954072df659d0d13fac324d0072316b67d7794700d"},
    {file = "typing_extensions-4.12.2.tar.gz", hash = "sha256:1a7ead55c7e559dd4dee8856e3a88b41225abfe1ce8df57b7c13915fe121ffb8"},
]

[metadata]
lock-version = "2.0"
python-versions = "^3.11"
content-hash = "363f4e02d6d981cbddabae36671e6378a853ee3782dfeef85992dc91e4f51da2"
